// !$*UTF8*$!
{
	archiveVersion = 1;
	classes = {
	};
	objectVersion = 56;
	objects = {

/* Begin PBXBuildFile section */
		A10D693A2B31B6FD00100C19 /* TestView.swift in Sources */ = {isa = PBXBuildFile; fileRef = A10D69392B31B6FD00100C19 /* TestView.swift */; };
		A10D693E2B31BDD100100C19 /* APIEndpoint.swift in Sources */ = {isa = PBXBuildFile; fileRef = A10D693D2B31BDD100100C19 /* APIEndpoint.swift */; };
		A10D69402B31BE4800100C19 /* HTTPMethod.swift in Sources */ = {isa = PBXBuildFile; fileRef = A10D693F2B31BE4800100C19 /* HTTPMethod.swift */; };
		A10D69422B31C03500100C19 /* ContentType.swift in Sources */ = {isa = PBXBuildFile; fileRef = A10D69412B31C03500100C19 /* ContentType.swift */; };
		A10D69442B31C39100100C19 /* APIError.swift in Sources */ = {isa = PBXBuildFile; fileRef = A10D69432B31C39100100C19 /* APIError.swift */; };
		A10D69462B31C6AE00100C19 /* HTTPClient.swift in Sources */ = {isa = PBXBuildFile; fileRef = A10D69452B31C6AE00100C19 /* HTTPClient.swift */; };
		A10D69492B31CCB700100C19 /* ServerResponse.swift in Sources */ = {isa = PBXBuildFile; fileRef = A10D69482B31CCB700100C19 /* ServerResponse.swift */; };
		A10D694C2B31E5AE00100C19 /* TestViewModel.swift in Sources */ = {isa = PBXBuildFile; fileRef = A10D694B2B31E5AE00100C19 /* TestViewModel.swift */; };
		A10D694F2B31E74B00100C19 /* Set+Cancellable.swift in Sources */ = {isa = PBXBuildFile; fileRef = A10D694E2B31E74B00100C19 /* Set+Cancellable.swift */; };
		A10D69512B31E77E00100C19 /* Constants.swift in Sources */ = {isa = PBXBuildFile; fileRef = A10D69502B31E77E00100C19 /* Constants.swift */; };
		A10D69532B31E7A200100C19 /* Color+Ext.swift in Sources */ = {isa = PBXBuildFile; fileRef = A10D69522B31E7A200100C19 /* Color+Ext.swift */; };
		A10D69552B33441C00100C19 /* MovieEndpoint.swift in Sources */ = {isa = PBXBuildFile; fileRef = A10D69542B33441C00100C19 /* MovieEndpoint.swift */; };
		A10D69572B33511100100C19 /* MovieListModel.swift in Sources */ = {isa = PBXBuildFile; fileRef = A10D69562B33511100100C19 /* MovieListModel.swift */; };
		A1F745BD2B30814F00006699 /* MovieBarApp.swift in Sources */ = {isa = PBXBuildFile; fileRef = A1F745BC2B30814F00006699 /* MovieBarApp.swift */; };
		A1F745C12B30815000006699 /* Assets.xcassets in Resources */ = {isa = PBXBuildFile; fileRef = A1F745C02B30815000006699 /* Assets.xcassets */; };
		A1F745C42B30815000006699 /* Preview Assets.xcassets in Resources */ = {isa = PBXBuildFile; fileRef = A1F745C32B30815000006699 /* Preview Assets.xcassets */; };
		A1F745CF2B30823B00006699 /* TabbarView.swift in Sources */ = {isa = PBXBuildFile; fileRef = A1F745CE2B30823B00006699 /* TabbarView.swift */; };
/* End PBXBuildFile section */

/* Begin PBXFileReference section */
		A10D69392B31B6FD00100C19 /* TestView.swift */ = {isa = PBXFileReference; lastKnownFileType = sourcecode.swift; path = TestView.swift; sourceTree = "<group>"; };
		A10D693D2B31BDD100100C19 /* APIEndpoint.swift */ = {isa = PBXFileReference; lastKnownFileType = sourcecode.swift; path = APIEndpoint.swift; sourceTree = "<group>"; };
		A10D693F2B31BE4800100C19 /* HTTPMethod.swift */ = {isa = PBXFileReference; lastKnownFileType = sourcecode.swift; path = HTTPMethod.swift; sourceTree = "<group>"; };
		A10D69412B31C03500100C19 /* ContentType.swift */ = {isa = PBXFileReference; lastKnownFileType = sourcecode.swift; path = ContentType.swift; sourceTree = "<group>"; };
		A10D69432B31C39100100C19 /* APIError.swift */ = {isa = PBXFileReference; lastKnownFileType = sourcecode.swift; path = APIError.swift; sourceTree = "<group>"; };
		A10D69452B31C6AE00100C19 /* HTTPClient.swift */ = {isa = PBXFileReference; lastKnownFileType = sourcecode.swift; path = HTTPClient.swift; sourceTree = "<group>"; };
		A10D69482B31CCB700100C19 /* ServerResponse.swift */ = {isa = PBXFileReference; lastKnownFileType = sourcecode.swift; path = ServerResponse.swift; sourceTree = "<group>"; };
		A10D694B2B31E5AE00100C19 /* TestViewModel.swift */ = {isa = PBXFileReference; lastKnownFileType = sourcecode.swift; path = TestViewModel.swift; sourceTree = "<group>"; };
		A10D694E2B31E74B00100C19 /* Set+Cancellable.swift */ = {isa = PBXFileReference; lastKnownFileType = sourcecode.swift; path = "Set+Cancellable.swift"; sourceTree = "<group>"; };
		A10D69502B31E77E00100C19 /* Constants.swift */ = {isa = PBXFileReference; lastKnownFileType = sourcecode.swift; path = Constants.swift; sourceTree = "<group>"; };
		A10D69522B31E7A200100C19 /* Color+Ext.swift */ = {isa = PBXFileReference; lastKnownFileType = sourcecode.swift; path = "Color+Ext.swift"; sourceTree = "<group>"; };
		A10D69542B33441C00100C19 /* MovieEndpoint.swift */ = {isa = PBXFileReference; lastKnownFileType = sourcecode.swift; path = MovieEndpoint.swift; sourceTree = "<group>"; };
		A10D69562B33511100100C19 /* MovieListModel.swift */ = {isa = PBXFileReference; lastKnownFileType = sourcecode.swift; path = MovieListModel.swift; sourceTree = "<group>"; };
		A1F745B92B30814F00006699 /* MovieBar.app */ = {isa = PBXFileReference; explicitFileType = wrapper.application; includeInIndex = 0; path = MovieBar.app; sourceTree = BUILT_PRODUCTS_DIR; };
		A1F745BC2B30814F00006699 /* MovieBarApp.swift */ = {isa = PBXFileReference; lastKnownFileType = sourcecode.swift; path = MovieBarApp.swift; sourceTree = "<group>"; };
		A1F745C02B30815000006699 /* Assets.xcassets */ = {isa = PBXFileReference; lastKnownFileType = folder.assetcatalog; path = Assets.xcassets; sourceTree = "<group>"; };
		A1F745C32B30815000006699 /* Preview Assets.xcassets */ = {isa = PBXFileReference; lastKnownFileType = folder.assetcatalog; path = "Preview Assets.xcassets"; sourceTree = "<group>"; };
		A1F745CE2B30823B00006699 /* TabbarView.swift */ = {isa = PBXFileReference; lastKnownFileType = sourcecode.swift; path = TabbarView.swift; sourceTree = "<group>"; };
/* End PBXFileReference section */

/* Begin PBXFrameworksBuildPhase section */
		A1F745B62B30814F00006699 /* Frameworks */ = {
			isa = PBXFrameworksBuildPhase;
			buildActionMask = 2147483647;
			files = (
			);
			runOnlyForDeploymentPostprocessing = 0;
		};
/* End PBXFrameworksBuildPhase section */

/* Begin PBXGroup section */
		A10D69382B31B6E100100C19 /* Test */ = {
			isa = PBXGroup;
			children = (
				A10D69392B31B6FD00100C19 /* TestView.swift */,
				A10D694B2B31E5AE00100C19 /* TestViewModel.swift */,
			);
			path = Test;
			sourceTree = "<group>";
		};
		A10D693B2B31BDAA00100C19 /* Services */ = {
			isa = PBXGroup;
			children = (
				A10D693C2B31BDB900100C19 /* Base */,
				A10D694A2B31DE9B00100C19 /* Endpoints */,
			);
			path = Services;
			sourceTree = "<group>";
		};
		A10D693C2B31BDB900100C19 /* Base */ = {
			isa = PBXGroup;
			children = (
				A10D69452B31C6AE00100C19 /* HTTPClient.swift */,
				A10D693D2B31BDD100100C19 /* APIEndpoint.swift */,
				A10D693F2B31BE4800100C19 /* HTTPMethod.swift */,
				A10D69412B31C03500100C19 /* ContentType.swift */,
				A10D69432B31C39100100C19 /* APIError.swift */,
			);
			path = Base;
			sourceTree = "<group>";
		};
		A10D69472B31CC9500100C19 /* Models */ = {
			isa = PBXGroup;
			children = (
				A10D69482B31CCB700100C19 /* ServerResponse.swift */,
				A10D69562B33511100100C19 /* MovieListModel.swift */,
			);
			path = Models;
			sourceTree = "<group>";
		};
		A10D694A2B31DE9B00100C19 /* Endpoints */ = {
			isa = PBXGroup;
			children = (
				A10D69542B33441C00100C19 /* MovieEndpoint.swift */,
			);
			path = Endpoints;
			sourceTree = "<group>";
		};
		A10D694D2B31E72700100C19 /* Extensions */ = {
			isa = PBXGroup;
			children = (
				A10D694E2B31E74B00100C19 /* Set+Cancellable.swift */,
				A10D69502B31E77E00100C19 /* Constants.swift */,
				A10D69522B31E7A200100C19 /* Color+Ext.swift */,
			);
			path = Extensions;
			sourceTree = "<group>";
		};
		A1F745B02B30814F00006699 = {
			isa = PBXGroup;
			children = (
				A1F745BB2B30814F00006699 /* MovieBar */,
				A1F745BA2B30814F00006699 /* Products */,
			);
			sourceTree = "<group>";
		};
		A1F745BA2B30814F00006699 /* Products */ = {
			isa = PBXGroup;
			children = (
				A1F745B92B30814F00006699 /* MovieBar.app */,
			);
			name = Products;
			sourceTree = "<group>";
		};
		A1F745BB2B30814F00006699 /* MovieBar */ = {
			isa = PBXGroup;
			children = (
				A1F745CA2B3081E400006699 /* Application */,
				A1F745CB2B3081EC00006699 /* Screens */,
				A10D693B2B31BDAA00100C19 /* Services */,
				A10D69472B31CC9500100C19 /* Models */,
				A10D694D2B31E72700100C19 /* Extensions */,
				A1F745CC2B30821600006699 /* Resources */,
				A1F745C22B30815000006699 /* Preview Content */,
			);
			path = MovieBar;
			sourceTree = "<group>";
		};
		A1F745C22B30815000006699 /* Preview Content */ = {
			isa = PBXGroup;
			children = (
				A1F745C32B30815000006699 /* Preview Assets.xcassets */,
			);
			path = "Preview Content";
			sourceTree = "<group>";
		};
		A1F745CA2B3081E400006699 /* Application */ = {
			isa = PBXGroup;
			children = (
				A1F745BC2B30814F00006699 /* MovieBarApp.swift */,
			);
			path = Application;
			sourceTree = "<group>";
		};
		A1F745CB2B3081EC00006699 /* Screens */ = {
			isa = PBXGroup;
			children = (
				A1F745CD2B30822800006699 /* Tabbar */,
				A10D69382B31B6E100100C19 /* Test */,
			);
			path = Screens;
			sourceTree = "<group>";
		};
		A1F745CC2B30821600006699 /* Resources */ = {
			isa = PBXGroup;
			children = (
				A1F745C02B30815000006699 /* Assets.xcassets */,
			);
			path = Resources;
			sourceTree = "<group>";
		};
		A1F745CD2B30822800006699 /* Tabbar */ = {
			isa = PBXGroup;
			children = (
				A1F745CE2B30823B00006699 /* TabbarView.swift */,
			);
			path = Tabbar;
			sourceTree = "<group>";
		};
/* End PBXGroup section */

/* Begin PBXNativeTarget section */
		A1F745B82B30814F00006699 /* MovieBar */ = {
			isa = PBXNativeTarget;
			buildConfigurationList = A1F745C72B30815000006699 /* Build configuration list for PBXNativeTarget "MovieBar" */;
			buildPhases = (
				A1F745B52B30814F00006699 /* Sources */,
				A1F745B62B30814F00006699 /* Frameworks */,
				A1F745B72B30814F00006699 /* Resources */,
			);
			buildRules = (
			);
			dependencies = (
			);
			name = MovieBar;
			productName = MovieBar;
			productReference = A1F745B92B30814F00006699 /* MovieBar.app */;
			productType = "com.apple.product-type.application";
		};
/* End PBXNativeTarget section */

/* Begin PBXProject section */
		A1F745B12B30814F00006699 /* Project object */ = {
			isa = PBXProject;
			attributes = {
				BuildIndependentTargetsInParallel = 1;
				LastSwiftUpdateCheck = 1500;
				LastUpgradeCheck = 1500;
				TargetAttributes = {
					A1F745B82B30814F00006699 = {
						CreatedOnToolsVersion = 15.0.1;
					};
				};
			};
			buildConfigurationList = A1F745B42B30814F00006699 /* Build configuration list for PBXProject "MovieBar" */;
			compatibilityVersion = "Xcode 14.0";
			developmentRegion = en;
			hasScannedForEncodings = 0;
			knownRegions = (
				en,
				Base,
			);
			mainGroup = A1F745B02B30814F00006699;
			productRefGroup = A1F745BA2B30814F00006699 /* Products */;
			projectDirPath = "";
			projectRoot = "";
			targets = (
				A1F745B82B30814F00006699 /* MovieBar */,
			);
		};
/* End PBXProject section */

/* Begin PBXResourcesBuildPhase section */
		A1F745B72B30814F00006699 /* Resources */ = {
			isa = PBXResourcesBuildPhase;
			buildActionMask = 2147483647;
			files = (
				A1F745C42B30815000006699 /* Preview Assets.xcassets in Resources */,
				A1F745C12B30815000006699 /* Assets.xcassets in Resources */,
			);
			runOnlyForDeploymentPostprocessing = 0;
		};
/* End PBXResourcesBuildPhase section */

/* Begin PBXSourcesBuildPhase section */
		A1F745B52B30814F00006699 /* Sources */ = {
			isa = PBXSourcesBuildPhase;
			buildActionMask = 2147483647;
			files = (
				A10D693A2B31B6FD00100C19 /* TestView.swift in Sources */,
				A10D69552B33441C00100C19 /* MovieEndpoint.swift in Sources */,
				A1F745CF2B30823B00006699 /* TabbarView.swift in Sources */,
				A10D694C2B31E5AE00100C19 /* TestViewModel.swift in Sources */,
				A10D69462B31C6AE00100C19 /* HTTPClient.swift in Sources */,
				A10D69532B31E7A200100C19 /* Color+Ext.swift in Sources */,
				A10D69572B33511100100C19 /* MovieListModel.swift in Sources */,
				A1F745BD2B30814F00006699 /* MovieBarApp.swift in Sources */,
				A10D69492B31CCB700100C19 /* ServerResponse.swift in Sources */,
				A10D694F2B31E74B00100C19 /* Set+Cancellable.swift in Sources */,
				A10D69402B31BE4800100C19 /* HTTPMethod.swift in Sources */,
				A10D693E2B31BDD100100C19 /* APIEndpoint.swift in Sources */,
				A10D69422B31C03500100C19 /* ContentType.swift in Sources */,
				A10D69442B31C39100100C19 /* APIError.swift in Sources */,
				A10D69512B31E77E00100C19 /* Constants.swift in Sources */,
			);
			runOnlyForDeploymentPostprocessing = 0;
		};
/* End PBXSourcesBuildPhase section */

/* Begin XCBuildConfiguration section */
		A1F745C52B30815000006699 /* Debug */ = {
			isa = XCBuildConfiguration;
			buildSettings = {
				ALWAYS_SEARCH_USER_PATHS = NO;
				ASSETCATALOG_COMPILER_GENERATE_SWIFT_ASSET_SYMBOL_EXTENSIONS = YES;
				CLANG_ANALYZER_NONNULL = YES;
				CLANG_ANALYZER_NUMBER_OBJECT_CONVERSION = YES_AGGRESSIVE;
				CLANG_CXX_LANGUAGE_STANDARD = "gnu++20";
				CLANG_ENABLE_MODULES = YES;
				CLANG_ENABLE_OBJC_ARC = YES;
				CLANG_ENABLE_OBJC_WEAK = YES;
				CLANG_WARN_BLOCK_CAPTURE_AUTORELEASING = YES;
				CLANG_WARN_BOOL_CONVERSION = YES;
				CLANG_WARN_COMMA = YES;
				CLANG_WARN_CONSTANT_CONVERSION = YES;
				CLANG_WARN_DEPRECATED_OBJC_IMPLEMENTATIONS = YES;
				CLANG_WARN_DIRECT_OBJC_ISA_USAGE = YES_ERROR;
				CLANG_WARN_DOCUMENTATION_COMMENTS = YES;
				CLANG_WARN_EMPTY_BODY = YES;
				CLANG_WARN_ENUM_CONVERSION = YES;
				CLANG_WARN_INFINITE_RECURSION = YES;
				CLANG_WARN_INT_CONVERSION = YES;
				CLANG_WARN_NON_LITERAL_NULL_CONVERSION = YES;
				CLANG_WARN_OBJC_IMPLICIT_RETAIN_SELF = YES;
				CLANG_WARN_OBJC_LITERAL_CONVERSION = YES;
				CLANG_WARN_OBJC_ROOT_CLASS = YES_ERROR;
				CLANG_WARN_QUOTED_INCLUDE_IN_FRAMEWORK_HEADER = YES;
				CLANG_WARN_RANGE_LOOP_ANALYSIS = YES;
				CLANG_WARN_STRICT_PROTOTYPES = YES;
				CLANG_WARN_SUSPICIOUS_MOVE = YES;
				CLANG_WARN_UNGUARDED_AVAILABILITY = YES_AGGRESSIVE;
				CLANG_WARN_UNREACHABLE_CODE = YES;
				CLANG_WARN__DUPLICATE_METHOD_MATCH = YES;
				COPY_PHASE_STRIP = NO;
				DEBUG_INFORMATION_FORMAT = dwarf;
				ENABLE_STRICT_OBJC_MSGSEND = YES;
				ENABLE_TESTABILITY = YES;
				ENABLE_USER_SCRIPT_SANDBOXING = YES;
				GCC_C_LANGUAGE_STANDARD = gnu17;
				GCC_DYNAMIC_NO_PIC = NO;
				GCC_NO_COMMON_BLOCKS = YES;
				GCC_OPTIMIZATION_LEVEL = 0;
				GCC_PREPROCESSOR_DEFINITIONS = (
					"DEBUG=1",
					"$(inherited)",
				);
				GCC_WARN_64_TO_32_BIT_CONVERSION = YES;
				GCC_WARN_ABOUT_RETURN_TYPE = YES_ERROR;
				GCC_WARN_UNDECLARED_SELECTOR = YES;
				GCC_WARN_UNINITIALIZED_AUTOS = YES_AGGRESSIVE;
				GCC_WARN_UNUSED_FUNCTION = YES;
				GCC_WARN_UNUSED_VARIABLE = YES;
				IPHONEOS_DEPLOYMENT_TARGET = 17.0;
				LOCALIZATION_PREFERS_STRING_CATALOGS = YES;
				MTL_ENABLE_DEBUG_INFO = INCLUDE_SOURCE;
				MTL_FAST_MATH = YES;
				ONLY_ACTIVE_ARCH = YES;
				SDKROOT = iphoneos;
				SWIFT_ACTIVE_COMPILATION_CONDITIONS = "DEBUG $(inherited)";
				SWIFT_OPTIMIZATION_LEVEL = "-Onone";
			};
			name = Debug;
		};
		A1F745C62B30815000006699 /* Release */ = {
			isa = XCBuildConfiguration;
			buildSettings = {
				ALWAYS_SEARCH_USER_PATHS = NO;
				ASSETCATALOG_COMPILER_GENERATE_SWIFT_ASSET_SYMBOL_EXTENSIONS = YES;
				CLANG_ANALYZER_NONNULL = YES;
				CLANG_ANALYZER_NUMBER_OBJECT_CONVERSION = YES_AGGRESSIVE;
				CLANG_CXX_LANGUAGE_STANDARD = "gnu++20";
				CLANG_ENABLE_MODULES = YES;
				CLANG_ENABLE_OBJC_ARC = YES;
				CLANG_ENABLE_OBJC_WEAK = YES;
				CLANG_WARN_BLOCK_CAPTURE_AUTORELEASING = YES;
				CLANG_WARN_BOOL_CONVERSION = YES;
				CLANG_WARN_COMMA = YES;
				CLANG_WARN_CONSTANT_CONVERSION = YES;
				CLANG_WARN_DEPRECATED_OBJC_IMPLEMENTATIONS = YES;
				CLANG_WARN_DIRECT_OBJC_ISA_USAGE = YES_ERROR;
				CLANG_WARN_DOCUMENTATION_COMMENTS = YES;
				CLANG_WARN_EMPTY_BODY = YES;
				CLANG_WARN_ENUM_CONVERSION = YES;
				CLANG_WARN_INFINITE_RECURSION = YES;
				CLANG_WARN_INT_CONVERSION = YES;
				CLANG_WARN_NON_LITERAL_NULL_CONVERSION = YES;
				CLANG_WARN_OBJC_IMPLICIT_RETAIN_SELF = YES;
				CLANG_WARN_OBJC_LITERAL_CONVERSION = YES;
				CLANG_WARN_OBJC_ROOT_CLASS = YES_ERROR;
				CLANG_WARN_QUOTED_INCLUDE_IN_FRAMEWORK_HEADER = YES;
				CLANG_WARN_RANGE_LOOP_ANALYSIS = YES;
				CLANG_WARN_STRICT_PROTOTYPES = YES;
				CLANG_WARN_SUSPICIOUS_MOVE = YES;
				CLANG_WARN_UNGUARDED_AVAILABILITY = YES_AGGRESSIVE;
				CLANG_WARN_UNREACHABLE_CODE = YES;
				CLANG_WARN__DUPLICATE_METHOD_MATCH = YES;
				COPY_PHASE_STRIP = NO;
				DEBUG_INFORMATION_FORMAT = "dwarf-with-dsym";
				ENABLE_NS_ASSERTIONS = NO;
				ENABLE_STRICT_OBJC_MSGSEND = YES;
				ENABLE_USER_SCRIPT_SANDBOXING = YES;
				GCC_C_LANGUAGE_STANDARD = gnu17;
				GCC_NO_COMMON_BLOCKS = YES;
				GCC_WARN_64_TO_32_BIT_CONVERSION = YES;
				GCC_WARN_ABOUT_RETURN_TYPE = YES_ERROR;
				GCC_WARN_UNDECLARED_SELECTOR = YES;
				GCC_WARN_UNINITIALIZED_AUTOS = YES_AGGRESSIVE;
				GCC_WARN_UNUSED_FUNCTION = YES;
				GCC_WARN_UNUSED_VARIABLE = YES;
				IPHONEOS_DEPLOYMENT_TARGET = 17.0;
				LOCALIZATION_PREFERS_STRING_CATALOGS = YES;
				MTL_ENABLE_DEBUG_INFO = NO;
				MTL_FAST_MATH = YES;
				SDKROOT = iphoneos;
				SWIFT_COMPILATION_MODE = wholemodule;
				VALIDATE_PRODUCT = YES;
			};
			name = Release;
		};
		A1F745C82B30815000006699 /* Debug */ = {
			isa = XCBuildConfiguration;
			buildSettings = {
				ASSETCATALOG_COMPILER_APPICON_NAME = AppIcon;
				ASSETCATALOG_COMPILER_GLOBAL_ACCENT_COLOR_NAME = AccentColor;
				CODE_SIGN_STYLE = Automatic;
				CURRENT_PROJECT_VERSION = 1;
				DEVELOPMENT_ASSET_PATHS = "\"MovieBar/Preview Content\"";
				DEVELOPMENT_TEAM = Z262BFFWGC;
				ENABLE_PREVIEWS = YES;
				GENERATE_INFOPLIST_FILE = YES;
				INFOPLIST_KEY_CFBundleDisplayName = MovieBar;
				INFOPLIST_KEY_LSApplicationCategoryType = "public.app-category.entertainment";
				INFOPLIST_KEY_UIApplicationSceneManifest_Generation = YES;
				INFOPLIST_KEY_UIApplicationSupportsIndirectInputEvents = YES;
				INFOPLIST_KEY_UILaunchScreen_Generation = YES;
				INFOPLIST_KEY_UISupportedInterfaceOrientations = UIInterfaceOrientationPortrait;
				INFOPLIST_KEY_UISupportedInterfaceOrientations_iPad = "UIInterfaceOrientationLandscapeLeft UIInterfaceOrientationLandscapeRight UIInterfaceOrientationPortrait UIInterfaceOrientationPortraitUpsideDown";
				IPHONEOS_DEPLOYMENT_TARGET = 15.6;
				LD_RUNPATH_SEARCH_PATHS = (
					"$(inherited)",
					"@executable_path/Frameworks",
				);
				MARKETING_VERSION = 1.0;
				PRODUCT_BUNDLE_IDENTIFIER = alexrodionby.MovieBar;
				PRODUCT_NAME = "$(TARGET_NAME)";
				SUPPORTED_PLATFORMS = "iphoneos iphonesimulator";
				SUPPORTS_MACCATALYST = NO;
				SUPPORTS_MAC_DESIGNED_FOR_IPHONE_IPAD = NO;
				SWIFT_EMIT_LOC_STRINGS = YES;
				SWIFT_VERSION = 5.0;
				TARGETED_DEVICE_FAMILY = 1;
			};
			name = Debug;
		};
		A1F745C92B30815000006699 /* Release */ = {
			isa = XCBuildConfiguration;
			buildSettings = {
				ASSETCATALOG_COMPILER_APPICON_NAME = AppIcon;
				ASSETCATALOG_COMPILER_GLOBAL_ACCENT_COLOR_NAME = AccentColor;
				CODE_SIGN_STYLE = Automatic;
				CURRENT_PROJECT_VERSION = 1;
				DEVELOPMENT_ASSET_PATHS = "\"MovieBar/Preview Content\"";
				DEVELOPMENT_TEAM = Z262BFFWGC;
				ENABLE_PREVIEWS = YES;
				GENERATE_INFOPLIST_FILE = YES;
				INFOPLIST_KEY_CFBundleDisplayName = MovieBar;
				INFOPLIST_KEY_LSApplicationCategoryType = "public.app-category.entertainment";
				INFOPLIST_KEY_UIApplicationSceneManifest_Generation = YES;
				INFOPLIST_KEY_UIApplicationSupportsIndirectInputEvents = YES;
				INFOPLIST_KEY_UILaunchScreen_Generation = YES;
				INFOPLIST_KEY_UISupportedInterfaceOrientations = UIInterfaceOrientationPortrait;
				INFOPLIST_KEY_UISupportedInterfaceOrientations_iPad = "UIInterfaceOrientationLandscapeLeft UIInterfaceOrientationLandscapeRight UIInterfaceOrientationPortrait UIInterfaceOrientationPortraitUpsideDown";
				IPHONEOS_DEPLOYMENT_TARGET = 15.6;
				LD_RUNPATH_SEARCH_PATHS = (
					"$(inherited)",
					"@executable_path/Frameworks",
				);
				MARKETING_VERSION = 1.0;
				PRODUCT_BUNDLE_IDENTIFIER = alexrodionby.MovieBar;
				PRODUCT_NAME = "$(TARGET_NAME)";
				SUPPORTED_PLATFORMS = "iphoneos iphonesimulator";
				SUPPORTS_MACCATALYST = NO;
				SUPPORTS_MAC_DESIGNED_FOR_IPHONE_IPAD = NO;
				SWIFT_EMIT_LOC_STRINGS = YES;
				SWIFT_VERSION = 5.0;
				TARGETED_DEVICE_FAMILY = 1;
			};
			name = Release;
		};
/* End XCBuildConfiguration section */

/* Begin XCConfigurationList section */
		A1F745B42B30814F00006699 /* Build configuration list for PBXProject "MovieBar" */ = {
			isa = XCConfigurationList;
			buildConfigurations = (
				A1F745C52B30815000006699 /* Debug */,
				A1F745C62B30815000006699 /* Release */,
			);
			defaultConfigurationIsVisible = 0;
			defaultConfigurationName = Release;
		};
		A1F745C72B30815000006699 /* Build configuration list for PBXNativeTarget "MovieBar" */ = {
			isa = XCConfigurationList;
			buildConfigurations = (
				A1F745C82B30815000006699 /* Debug */,
				A1F745C92B30815000006699 /* Release */,
			);
			defaultConfigurationIsVisible = 0;
			defaultConfigurationName = Release;
		};
/* End XCConfigurationList section */
	};
	rootObject = A1F745B12B30814F00006699 /* Project object */;
}
